// !$*UTF8*$!
{
	archiveVersion = 1;
	classes = {
	};
	objectVersion = 77;
	objects = {

/* Begin PBXBuildFile section */
		1E1A1A1A3010000000BDDABE /* AppIntents.framework in Frameworks */ = {isa = PBXBuildFile; fileRef = 1E1A1A1B3010000000BDDABE /* AppIntents.framework */; };
		1EE262D42F72C1CF00BDDABE /* SharedVisitedSyncBackend.swift in Sources */ = {isa = PBXBuildFile; fileRef = 1EE262D32F72C1CF00BDDABE /* SharedVisitedSyncBackend.swift */; };
		1EE262D62F72C27500BDDABE /* HybridVisitedSyncBackend.swift in Sources */ = {isa = PBXBuildFile; fileRef = 1EE262D52F72C27500BDDABE /* HybridVisitedSyncBackend.swift */; };
		1EE262D82F72C32400BDDABE /* SharedVisitedSyncModels.swift in Sources */ = {isa = PBXBuildFile; fileRef = 1EE262D72F72C32400BDDABE /* SharedVisitedSyncModels.swift */; };
		1EE262DA2F72C3CA00BDDABE /* AppAuthSession.swift in Sources */ = {isa = PBXBuildFile; fileRef = 1EE262D92F72C3CA00BDDABE /* AppAuthSession.swift */; };
		1EE262DC2F72C4C400BDDABE /* AppVisitedSyncRuntimeFlags.swift in Sources */ = {isa = PBXBuildFile; fileRef = 1EE262DB2F72C4C400BDDABE /* AppVisitedSyncRuntimeFlags.swift */; };
		1EE2634B2F72CCBD00BDDABE /* AppAuthConfiguration.swift in Sources */ = {isa = PBXBuildFile; fileRef = 1EE2634A2F72CCBD00BDDABE /* AppAuthConfiguration.swift */; };
		1EE2634D2F72CCBD00BDDABE /* AppAuthClient.swift in Sources */ = {isa = PBXBuildFile; fileRef = 1EE2634C2F72CCBD00BDDABE /* AppAuthClient.swift */; };
/* End PBXBuildFile section */

/* Begin PBXContainerItemProxy section */
		1EEDF0AC2F555EEB000DB2A4 /* PBXContainerItemProxy */ = {
			isa = PBXContainerItemProxy;
			containerPortal = 1EF571F12F328CD6000D6B18 /* Project object */;
			proxyType = 1;
			remoteGlobalIDString = 1EF571F82F328CD6000D6B18;
			remoteInfo = Tribunetour;
		};
		A10000022F555EEB000DB2A4 /* PBXContainerItemProxy */ = {
			isa = PBXContainerItemProxy;
			containerPortal = 1EF571F12F328CD6000D6B18 /* Project object */;
			proxyType = 1;
			remoteGlobalIDString = 1EF571F82F328CD6000D6B18;
			remoteInfo = Tribunetour;
		};
/* End PBXContainerItemProxy section */

/* Begin PBXFileReference section */
		1E1A1A1B3010000000BDDABE /* AppIntents.framework */ = {isa = PBXFileReference; lastKnownFileType = wrapper.framework; name = AppIntents.framework; path = System/Library/Frameworks/AppIntents.framework; sourceTree = SDKROOT; };
		1EE262D32F72C1CF00BDDABE /* SharedVisitedSyncBackend.swift */ = {isa = PBXFileReference; lastKnownFileType = sourcecode.swift; path = SharedVisitedSyncBackend.swift; sourceTree = "<group>"; };
		1EE262D52F72C27500BDDABE /* HybridVisitedSyncBackend.swift */ = {isa = PBXFileReference; lastKnownFileType = sourcecode.swift; path = HybridVisitedSyncBackend.swift; sourceTree = "<group>"; };
		1EE262D72F72C32400BDDABE /* SharedVisitedSyncModels.swift */ = {isa = PBXFileReference; lastKnownFileType = sourcecode.swift; path = SharedVisitedSyncModels.swift; sourceTree = "<group>"; };
		1EE262D92F72C3CA00BDDABE /* AppAuthSession.swift */ = {isa = PBXFileReference; lastKnownFileType = sourcecode.swift; path = AppAuthSession.swift; sourceTree = "<group>"; };
		1EE262DB2F72C4C400BDDABE /* AppVisitedSyncRuntimeFlags.swift */ = {isa = PBXFileReference; lastKnownFileType = sourcecode.swift; path = AppVisitedSyncRuntimeFlags.swift; sourceTree = "<group>"; };
		1EE2634A2F72CCBD00BDDABE /* AppAuthConfiguration.swift */ = {isa = PBXFileReference; lastKnownFileType = sourcecode.swift; path = AppAuthConfiguration.swift; sourceTree = "<group>"; };
		1EE2634C2F72CCBD00BDDABE /* AppAuthClient.swift */ = {isa = PBXFileReference; lastKnownFileType = sourcecode.swift; path = AppAuthClient.swift; sourceTree = "<group>"; };
		1EEDF0A82F555EEB000DB2A4 /* TribunetourTests.xctest */ = {isa = PBXFileReference; explicitFileType = wrapper.cfbundle; includeInIndex = 0; path = TribunetourTests.xctest; sourceTree = BUILT_PRODUCTS_DIR; };
		1EF571F92F328CD6000D6B18 /* Tribunetour.app */ = {isa = PBXFileReference; explicitFileType = wrapper.application; includeInIndex = 0; path = Tribunetour.app; sourceTree = BUILT_PRODUCTS_DIR; };
		A10000012F555EEB000DB2A4 /* TribunetourUITests.xctest */ = {isa = PBXFileReference; explicitFileType = wrapper.cfbundle; includeInIndex = 0; path = TribunetourUITests.xctest; sourceTree = BUILT_PRODUCTS_DIR; };
/* End PBXFileReference section */

/* Begin PBXFileSystemSynchronizedBuildFileExceptionSet section */
		1E5334802F47A7CA0028CF61 /* Exceptions for "Tribunetour" folder in "Tribunetour" target */ = {
			isa = PBXFileSystemSynchronizedBuildFileExceptionSet;
			membershipExceptions = (
				"Tribunetour_docs/CloudKit Schemas/cloudkit-development-fixed.ckdb",
				"Tribunetour_docs/CloudKit Schemas/cloudkit-development.ckdb",
				Tribunetour_docs/docs/ARCHITECTURE.md,
				Tribunetour_docs/docs/BACKLOG.md,
				Tribunetour_docs/docs/CHANGELOG.md,
				Tribunetour_docs/docs/DATA_MODEL.md,
				Tribunetour_docs/docs/RELEASE.md,
				Tribunetour_docs/docs/UX.md,
				Tribunetour_docs/README.md,
			);
			target = 1EF571F82F328CD6000D6B18 /* Tribunetour */;
		};
/* End PBXFileSystemSynchronizedBuildFileExceptionSet section */

/* Begin PBXFileSystemSynchronizedRootGroup section */
		1EEDF0A92F555EEB000DB2A4 /* TribunetourTests */ = {
			isa = PBXFileSystemSynchronizedRootGroup;
			path = TribunetourTests;
			sourceTree = "<group>";
		};
		A10000002F555EEB000DB2A4 /* TribunetourUITests */ = {
			isa = PBXFileSystemSynchronizedRootGroup;
			path = TribunetourUITests;
			sourceTree = "<group>";
		};
		1EF571FB2F328CD6000D6B18 /* Tribunetour */ = {
			isa = PBXFileSystemSynchronizedRootGroup;
			exceptions = (
				1E5334802F47A7CA0028CF61 /* Exceptions for "Tribunetour" folder in "Tribunetour" target */,
			);
			path = Tribunetour;
			sourceTree = "<group>";
		};
/* End PBXFileSystemSynchronizedRootGroup section */

/* Begin PBXFrameworksBuildPhase section */
		1EEDF0A52F555EEB000DB2A4 /* Frameworks */ = {
			isa = PBXFrameworksBuildPhase;
			buildActionMask = 2147483647;
			files = (
			);
			runOnlyForDeploymentPostprocessing = 0;
		};
		A10000042F555EEB000DB2A4 /* Frameworks */ = {
			isa = PBXFrameworksBuildPhase;
			buildActionMask = 2147483647;
			files = (
			);
			runOnlyForDeploymentPostprocessing = 0;
		};
		1EF571F62F328CD6000D6B18 /* Frameworks */ = {
			isa = PBXFrameworksBuildPhase;
			buildActionMask = 2147483647;
			files = (
				1E1A1A1A3010000000BDDABE /* AppIntents.framework in Frameworks */,
			);
			runOnlyForDeploymentPostprocessing = 0;
		};
/* End PBXFrameworksBuildPhase section */

/* Begin PBXGroup section */
		1EF571F02F328CD6000D6B18 = {
			isa = PBXGroup;
			children = (
				1E1A1A1B3010000000BDDABE /* AppIntents.framework */,
				1EF571FB2F328CD6000D6B18 /* Tribunetour */,
				1EEDF0A92F555EEB000DB2A4 /* TribunetourTests */,
				1EF571FA2F328CD6000D6B18 /* Products */,
				1EE262D32F72C1CF00BDDABE /* SharedVisitedSyncBackend.swift */,
				1EE262D52F72C27500BDDABE /* HybridVisitedSyncBackend.swift */,
				1EE262D72F72C32400BDDABE /* SharedVisitedSyncModels.swift */,
				1EE262D92F72C3CA00BDDABE /* AppAuthSession.swift */,
				1EE262DB2F72C4C400BDDABE /* AppVisitedSyncRuntimeFlags.swift */,
				1EE2634A2F72CCBD00BDDABE /* AppAuthConfiguration.swift */,
				1EE2634C2F72CCBD00BDDABE /* AppAuthClient.swift */,
				A10000002F555EEB000DB2A4 /* TribunetourUITests */,
			);
			sourceTree = "<group>";
		};
		1EF571FA2F328CD6000D6B18 /* Products */ = {
			isa = PBXGroup;
			children = (
				1EF571F92F328CD6000D6B18 /* Tribunetour.app */,
				1EEDF0A82F555EEB000DB2A4 /* TribunetourTests.xctest */,
				A10000012F555EEB000DB2A4 /* TribunetourUITests.xctest */,
			);
			name = Products;
			sourceTree = "<group>";
		};
/* End PBXGroup section */

/* Begin PBXNativeTarget section */
		1EEDF0A72F555EEB000DB2A4 /* TribunetourTests */ = {
			isa = PBXNativeTarget;
			buildConfigurationList = 1EEDF0AE2F555EEB000DB2A4 /* Build configuration list for PBXNativeTarget "TribunetourTests" */;
			buildPhases = (
				1EEDF0A42F555EEB000DB2A4 /* Sources */,
				1EEDF0A52F555EEB000DB2A4 /* Frameworks */,
				1EEDF0A62F555EEB000DB2A4 /* Resources */,
			);
			buildRules = (
			);
			dependencies = (
				1EEDF0AD2F555EEB000DB2A4 /* PBXTargetDependency */,
			);
			fileSystemSynchronizedGroups = (
				1EEDF0A92F555EEB000DB2A4 /* TribunetourTests */,
			);
			name = TribunetourTests;
			packageProductDependencies = (
			);
			productName = TribunetourTests;
			productReference = 1EEDF0A82F555EEB000DB2A4 /* TribunetourTests.xctest */;
			productType = "com.apple.product-type.bundle.unit-test";
		};
		A10000032F555EEB000DB2A4 /* TribunetourUITests */ = {
			isa = PBXNativeTarget;
			buildConfigurationList = A100000A2F555EEB000DB2A4 /* Build configuration list for PBXNativeTarget "TribunetourUITests" */;
			buildPhases = (
				A10000052F555EEB000DB2A4 /* Sources */,
				A10000042F555EEB000DB2A4 /* Frameworks */,
				A10000062F555EEB000DB2A4 /* Resources */,
			);
			buildRules = (
			);
			dependencies = (
				A10000082F555EEB000DB2A4 /* PBXTargetDependency */,
			);
			fileSystemSynchronizedGroups = (
				A10000002F555EEB000DB2A4 /* TribunetourUITests */,
			);
			name = TribunetourUITests;
			packageProductDependencies = (
			);
			productName = TribunetourUITests;
			productReference = A10000012F555EEB000DB2A4 /* TribunetourUITests.xctest */;
			productType = "com.apple.product-type.bundle.ui-testing";
		};
		1EF571F82F328CD6000D6B18 /* Tribunetour */ = {
			isa = PBXNativeTarget;
			buildConfigurationList = 1EF572042F328CD7000D6B18 /* Build configuration list for PBXNativeTarget "Tribunetour" */;
			buildPhases = (
				1EF571F52F328CD6000D6B18 /* Sources */,
				1EF571F62F328CD6000D6B18 /* Frameworks */,
				1EF571F72F328CD6000D6B18 /* Resources */,
			);
			buildRules = (
			);
			dependencies = (
			);
			fileSystemSynchronizedGroups = (
				1EF571FB2F328CD6000D6B18 /* Tribunetour */,
			);
			name = Tribunetour;
			packageProductDependencies = (
			);
			productName = Tribunetour;
			productReference = 1EF571F92F328CD6000D6B18 /* Tribunetour.app */;
			productType = "com.apple.product-type.application";
		};
/* End PBXNativeTarget section */

/* Begin PBXProject section */
		1EF571F12F328CD6000D6B18 /* Project object */ = {
			isa = PBXProject;
			attributes = {
				BuildIndependentTargetsInParallel = 1;
				LastSwiftUpdateCheck = 2630;
				LastUpgradeCheck = 2620;
				TargetAttributes = {
					1EEDF0A72F555EEB000DB2A4 = {
						CreatedOnToolsVersion = 26.3;
						TestTargetID = 1EF571F82F328CD6000D6B18;
					};
					A10000032F555EEB000DB2A4 = {
						CreatedOnToolsVersion = 26.3;
						TestTargetID = 1EF571F82F328CD6000D6B18;
					};
					1EF571F82F328CD6000D6B18 = {
						CreatedOnToolsVersion = 26.2;
					};
				};
			};
			buildConfigurationList = 1EF571F42F328CD6000D6B18 /* Build configuration list for PBXProject "Tribunetour" */;
			developmentRegion = en;
			hasScannedForEncodings = 0;
			knownRegions = (
				en,
				Base,
			);
			mainGroup = 1EF571F02F328CD6000D6B18;
			minimizedProjectReferenceProxies = 1;
			preferredProjectObjectVersion = 77;
			productRefGroup = 1EF571FA2F328CD6000D6B18 /* Products */;
			projectDirPath = "";
			projectRoot = "";
			targets = (
				1EF571F82F328CD6000D6B18 /* Tribunetour */,
				1EEDF0A72F555EEB000DB2A4 /* TribunetourTests */,
				A10000032F555EEB000DB2A4 /* TribunetourUITests */,
			);
		};
/* End PBXProject section */

/* Begin PBXResourcesBuildPhase section */
		1EEDF0A62F555EEB000DB2A4 /* Resources */ = {
			isa = PBXResourcesBuildPhase;
			buildActionMask = 2147483647;
			files = (
			);
			runOnlyForDeploymentPostprocessing = 0;
		};
		A10000062F555EEB000DB2A4 /* Resources */ = {
			isa = PBXResourcesBuildPhase;
			buildActionMask = 2147483647;
			files = (
			);
			runOnlyForDeploymentPostprocessing = 0;
		};
		1EF571F72F328CD6000D6B18 /* Resources */ = {
			isa = PBXResourcesBuildPhase;
			buildActionMask = 2147483647;
			files = (
			);
			runOnlyForDeploymentPostprocessing = 0;
		};
/* End PBXResourcesBuildPhase section */

/* Begin PBXSourcesBuildPhase section */
		1EEDF0A42F555EEB000DB2A4 /* Sources */ = {
			isa = PBXSourcesBuildPhase;
			buildActionMask = 2147483647;
			files = (
			);
			runOnlyForDeploymentPostprocessing = 0;
		};
		A10000052F555EEB000DB2A4 /* Sources */ = {
			isa = PBXSourcesBuildPhase;
			buildActionMask = 2147483647;
			files = (
			);
			runOnlyForDeploymentPostprocessing = 0;
		};
		1EF571F52F328CD6000D6B18 /* Sources */ = {
			isa = PBXSourcesBuildPhase;
			buildActionMask = 2147483647;
			files = (
				1EE2634D2F72CCBD00BDDABE /* AppAuthClient.swift in Sources */,
				1EE262DA2F72C3CA00BDDABE /* AppAuthSession.swift in Sources */,
				1EE262DC2F72C4C400BDDABE /* AppVisitedSyncRuntimeFlags.swift in Sources */,
				1EE262D42F72C1CF00BDDABE /* SharedVisitedSyncBackend.swift in Sources */,
				1EE262D62F72C27500BDDABE /* HybridVisitedSyncBackend.swift in Sources */,
				1EE2634B2F72CCBD00BDDABE /* AppAuthConfiguration.swift in Sources */,
				1EE262D82F72C32400BDDABE /* SharedVisitedSyncModels.swift in Sources */,
			);
			runOnlyForDeploymentPostprocessing = 0;
		};
/* End PBXSourcesBuildPhase section */

/* Begin PBXTargetDependency section */
		1EEDF0AD2F555EEB000DB2A4 /* PBXTargetDependency */ = {
			isa = PBXTargetDependency;
			target = 1EF571F82F328CD6000D6B18 /* Tribunetour */;
			targetProxy = 1EEDF0AC2F555EEB000DB2A4 /* PBXContainerItemProxy */;
		};
		A10000082F555EEB000DB2A4 /* PBXTargetDependency */ = {
			isa = PBXTargetDependency;
			target = 1EF571F82F328CD6000D6B18 /* Tribunetour */;
			targetProxy = A10000022F555EEB000DB2A4 /* PBXContainerItemProxy */;
		};
/* End PBXTargetDependency section */

/* Begin XCBuildConfiguration section */
		1EEDF0AF2F555EEB000DB2A4 /* Debug */ = {
			isa = XCBuildConfiguration;
			buildSettings = {
				BUNDLE_LOADER = "$(TEST_HOST)";
				CODE_SIGN_STYLE = Automatic;
				CURRENT_PROJECT_VERSION = 1;
				DEVELOPMENT_TEAM = 9HZZ899Q57;
				GENERATE_INFOPLIST_FILE = YES;
				MARKETING_VERSION = 1.0;
				PRODUCT_BUNDLE_IDENTIFIER = everystadium.TribunetourTests;
				PRODUCT_NAME = "$(TARGET_NAME)";
				STRING_CATALOG_GENERATE_SYMBOLS = NO;
				SWIFT_APPROACHABLE_CONCURRENCY = YES;
				SWIFT_EMIT_LOC_STRINGS = NO;
				SWIFT_UPCOMING_FEATURE_MEMBER_IMPORT_VISIBILITY = YES;
				SWIFT_VERSION = 5.0;
				TARGETED_DEVICE_FAMILY = "1,2";
				TEST_HOST = "$(BUILT_PRODUCTS_DIR)/Tribunetour.app/$(BUNDLE_EXECUTABLE_FOLDER_PATH)/Tribunetour";
			};
			name = Debug;
		};
		1EEDF0B02F555EEB000DB2A4 /* Release */ = {
			isa = XCBuildConfiguration;
			buildSettings = {
				BUNDLE_LOADER = "$(TEST_HOST)";
				CODE_SIGN_STYLE = Automatic;
				CURRENT_PROJECT_VERSION = 1;
				DEVELOPMENT_TEAM = 9HZZ899Q57;
				GENERATE_INFOPLIST_FILE = YES;
				MARKETING_VERSION = 1.0;
				PRODUCT_BUNDLE_IDENTIFIER = everystadium.TribunetourTests;
				PRODUCT_NAME = "$(TARGET_NAME)";
				STRING_CATALOG_GENERATE_SYMBOLS = NO;
				SWIFT_APPROACHABLE_CONCURRENCY = YES;
				SWIFT_EMIT_LOC_STRINGS = NO;
				SWIFT_UPCOMING_FEATURE_MEMBER_IMPORT_VISIBILITY = YES;
				SWIFT_VERSION = 5.0;
				TARGETED_DEVICE_FAMILY = "1,2";
				TEST_HOST = "$(BUILT_PRODUCTS_DIR)/Tribunetour.app/$(BUNDLE_EXECUTABLE_FOLDER_PATH)/Tribunetour";
			};
			name = Release;
		};
		A100000B2F555EEB000DB2A4 /* Debug */ = {
			isa = XCBuildConfiguration;
			buildSettings = {
				CODE_SIGN_STYLE = Automatic;
				CURRENT_PROJECT_VERSION = 1;
				DEVELOPMENT_TEAM = 9HZZ899Q57;
				GENERATE_INFOPLIST_FILE = YES;
				MARKETING_VERSION = 1.0;
				PRODUCT_BUNDLE_IDENTIFIER = everystadium.TribunetourUITests;
				PRODUCT_NAME = "$(TARGET_NAME)";
				STRING_CATALOG_GENERATE_SYMBOLS = NO;
				SWIFT_APPROACHABLE_CONCURRENCY = YES;
				SWIFT_EMIT_LOC_STRINGS = NO;
				SWIFT_UPCOMING_FEATURE_MEMBER_IMPORT_VISIBILITY = YES;
				SWIFT_VERSION = 5.0;
				TARGETED_DEVICE_FAMILY = "1,2";
				TEST_TARGET_NAME = Tribunetour;
			};
			name = Debug;
		};
		A100000C2F555EEB000DB2A4 /* Release */ = {
			isa = XCBuildConfiguration;
			buildSettings = {
				CODE_SIGN_STYLE = Automatic;
				CURRENT_PROJECT_VERSION = 1;
				DEVELOPMENT_TEAM = 9HZZ899Q57;
				GENERATE_INFOPLIST_FILE = YES;
				MARKETING_VERSION = 1.0;
				PRODUCT_BUNDLE_IDENTIFIER = everystadium.TribunetourUITests;
				PRODUCT_NAME = "$(TARGET_NAME)";
				STRING_CATALOG_GENERATE_SYMBOLS = NO;
				SWIFT_APPROACHABLE_CONCURRENCY = YES;
				SWIFT_EMIT_LOC_STRINGS = NO;
				SWIFT_UPCOMING_FEATURE_MEMBER_IMPORT_VISIBILITY = YES;
				SWIFT_VERSION = 5.0;
				TARGETED_DEVICE_FAMILY = "1,2";
				TEST_TARGET_NAME = Tribunetour;
			};
			name = Release;
		};
		1EF572022F328CD7000D6B18 /* Debug */ = {
			isa = XCBuildConfiguration;
			buildSettings = {
				ALWAYS_SEARCH_USER_PATHS = NO;
				ASSETCATALOG_COMPILER_GENERATE_SWIFT_ASSET_SYMBOL_EXTENSIONS = YES;
				CLANG_ANALYZER_NONNULL = YES;
				CLANG_ANALYZER_NUMBER_OBJECT_CONVERSION = YES_AGGRESSIVE;
				CLANG_CXX_LANGUAGE_STANDARD = "gnu++20";
				CLANG_ENABLE_MODULES = YES;
				CLANG_ENABLE_OBJC_ARC = YES;
				CLANG_ENABLE_OBJC_WEAK = YES;
				CLANG_WARN_BLOCK_CAPTURE_AUTORELEASING = YES;
				CLANG_WARN_BOOL_CONVERSION = YES;
				CLANG_WARN_COMMA = YES;
				CLANG_WARN_CONSTANT_CONVERSION = YES;
				CLANG_WARN_DEPRECATED_OBJC_IMPLEMENTATIONS = YES;
				CLANG_WARN_DIRECT_OBJC_ISA_USAGE = YES_ERROR;
				CLANG_WARN_DOCUMENTATION_COMMENTS = YES;
				CLANG_WARN_EMPTY_BODY = YES;
				CLANG_WARN_ENUM_CONVERSION = YES;
				CLANG_WARN_INFINITE_RECURSION = YES;
				CLANG_WARN_INT_CONVERSION = YES;
				CLANG_WARN_NON_LITERAL_NULL_CONVERSION = YES;
				CLANG_WARN_OBJC_IMPLICIT_RETAIN_SELF = YES;
				CLANG_WARN_OBJC_LITERAL_CONVERSION = YES;
				CLANG_WARN_OBJC_ROOT_CLASS = YES_ERROR;
				CLANG_WARN_QUOTED_INCLUDE_IN_FRAMEWORK_HEADER = YES;
				CLANG_WARN_RANGE_LOOP_ANALYSIS = YES;
				CLANG_WARN_STRICT_PROTOTYPES = YES;
				CLANG_WARN_SUSPICIOUS_MOVE = YES;
				CLANG_WARN_UNGUARDED_AVAILABILITY = YES_AGGRESSIVE;
				CLANG_WARN_UNREACHABLE_CODE = YES;
				CLANG_WARN__DUPLICATE_METHOD_MATCH = YES;
				COPY_PHASE_STRIP = NO;
				DEBUG_INFORMATION_FORMAT = dwarf;
				DEVELOPMENT_TEAM = 9HZZ899Q57;
				ENABLE_STRICT_OBJC_MSGSEND = YES;
				ENABLE_TESTABILITY = YES;
				ENABLE_USER_SCRIPT_SANDBOXING = YES;
				GCC_C_LANGUAGE_STANDARD = gnu17;
				GCC_DYNAMIC_NO_PIC = NO;
				GCC_NO_COMMON_BLOCKS = YES;
				GCC_OPTIMIZATION_LEVEL = 0;
				GCC_PREPROCESSOR_DEFINITIONS = (
					"DEBUG=1",
					"$(inherited)",
				);
				GCC_WARN_64_TO_32_BIT_CONVERSION = YES;
				GCC_WARN_ABOUT_RETURN_TYPE = YES_ERROR;
				GCC_WARN_UNDECLARED_SELECTOR = YES;
				GCC_WARN_UNINITIALIZED_AUTOS = YES_AGGRESSIVE;
				GCC_WARN_UNUSED_FUNCTION = YES;
				GCC_WARN_UNUSED_VARIABLE = YES;
				IPHONEOS_DEPLOYMENT_TARGET = 26.2;
				LOCALIZATION_PREFERS_STRING_CATALOGS = YES;
				MTL_ENABLE_DEBUG_INFO = INCLUDE_SOURCE;
				MTL_FAST_MATH = YES;
				ONLY_ACTIVE_ARCH = YES;
				SDKROOT = iphoneos;
				SWIFT_ACTIVE_COMPILATION_CONDITIONS = "DEBUG $(inherited)";
				SWIFT_OPTIMIZATION_LEVEL = "-Onone";
			};
			name = Debug;
		};
		1EF572032F328CD7000D6B18 /* Release */ = {
			isa = XCBuildConfiguration;
			buildSettings = {
				ALWAYS_SEARCH_USER_PATHS = NO;
				ASSETCATALOG_COMPILER_GENERATE_SWIFT_ASSET_SYMBOL_EXTENSIONS = YES;
				CLANG_ANALYZER_NONNULL = YES;
				CLANG_ANALYZER_NUMBER_OBJECT_CONVERSION = YES_AGGRESSIVE;
				CLANG_CXX_LANGUAGE_STANDARD = "gnu++20";
				CLANG_ENABLE_MODULES = YES;
				CLANG_ENABLE_OBJC_ARC = YES;
				CLANG_ENABLE_OBJC_WEAK = YES;
				CLANG_WARN_BLOCK_CAPTURE_AUTORELEASING = YES;
				CLANG_WARN_BOOL_CONVERSION = YES;
				CLANG_WARN_COMMA = YES;
				CLANG_WARN_CONSTANT_CONVERSION = YES;
				CLANG_WARN_DEPRECATED_OBJC_IMPLEMENTATIONS = YES;
				CLANG_WARN_DIRECT_OBJC_ISA_USAGE = YES_ERROR;
				CLANG_WARN_DOCUMENTATION_COMMENTS = YES;
				CLANG_WARN_EMPTY_BODY = YES;
				CLANG_WARN_ENUM_CONVERSION = YES;
				CLANG_WARN_INFINITE_RECURSION = YES;
				CLANG_WARN_INT_CONVERSION = YES;
				CLANG_WARN_NON_LITERAL_NULL_CONVERSION = YES;
				CLANG_WARN_OBJC_IMPLICIT_RETAIN_SELF = YES;
				CLANG_WARN_OBJC_LITERAL_CONVERSION = YES;
				CLANG_WARN_OBJC_ROOT_CLASS = YES_ERROR;
				CLANG_WARN_QUOTED_INCLUDE_IN_FRAMEWORK_HEADER = YES;
				CLANG_WARN_RANGE_LOOP_ANALYSIS = YES;
				CLANG_WARN_STRICT_PROTOTYPES = YES;
				CLANG_WARN_SUSPICIOUS_MOVE = YES;
				CLANG_WARN_UNGUARDED_AVAILABILITY = YES_AGGRESSIVE;
				CLANG_WARN_UNREACHABLE_CODE = YES;
				CLANG_WARN__DUPLICATE_METHOD_MATCH = YES;
				COPY_PHASE_STRIP = NO;
				DEBUG_INFORMATION_FORMAT = "dwarf-with-dsym";
				DEVELOPMENT_TEAM = 9HZZ899Q57;
				ENABLE_NS_ASSERTIONS = NO;
				ENABLE_STRICT_OBJC_MSGSEND = YES;
				ENABLE_USER_SCRIPT_SANDBOXING = YES;
				GCC_C_LANGUAGE_STANDARD = gnu17;
				GCC_NO_COMMON_BLOCKS = YES;
				GCC_WARN_64_TO_32_BIT_CONVERSION = YES;
				GCC_WARN_ABOUT_RETURN_TYPE = YES_ERROR;
				GCC_WARN_UNDECLARED_SELECTOR = YES;
				GCC_WARN_UNINITIALIZED_AUTOS = YES_AGGRESSIVE;
				GCC_WARN_UNUSED_FUNCTION = YES;
				GCC_WARN_UNUSED_VARIABLE = YES;
				IPHONEOS_DEPLOYMENT_TARGET = 26.2;
				LOCALIZATION_PREFERS_STRING_CATALOGS = YES;
				MTL_ENABLE_DEBUG_INFO = NO;
				MTL_FAST_MATH = YES;
				SDKROOT = iphoneos;
				SWIFT_COMPILATION_MODE = wholemodule;
				VALIDATE_PRODUCT = YES;
			};
			name = Release;
		};
		1EF572052F328CD7000D6B18 /* Debug */ = {
			isa = XCBuildConfiguration;
			buildSettings = {
				ASSETCATALOG_COMPILER_APPICON_NAME = AppIcon;
				ASSETCATALOG_COMPILER_GLOBAL_ACCENT_COLOR_NAME = AccentColor;
				CODE_SIGN_ENTITLEMENTS = Tribunetour/Tribunetour.entitlements;
				CODE_SIGN_IDENTITY = "Apple Development";
				CODE_SIGN_STYLE = Automatic;
				CURRENT_PROJECT_VERSION = 9;
				DEVELOPMENT_TEAM = 9HZZ899Q57;
				ENABLE_PREVIEWS = YES;
				GENERATE_INFOPLIST_FILE = YES;
				INFOPLIST_KEY_CFBundleURLTypes_0_CFBundleTypeRole = Editor;
				INFOPLIST_KEY_CFBundleURLTypes_0_CFBundleURLName = everystadium.Tribunetour.auth;
				INFOPLIST_KEY_CFBundleURLTypes_0_CFBundleURLSchemes_0 = tribunetour;
				INFOPLIST_KEY_NSLocationWhenInUseUsageDescription = "Bruges til at vise stadion tættest på din position";
				INFOPLIST_KEY_UIApplicationSceneManifest_Generation = YES;
				INFOPLIST_KEY_UIApplicationSupportsIndirectInputEvents = YES;
				INFOPLIST_KEY_UILaunchScreen_Generation = YES;
				INFOPLIST_KEY_UISupportedInterfaceOrientations_iPad = "UIInterfaceOrientationPortrait UIInterfaceOrientationPortraitUpsideDown UIInterfaceOrientationLandscapeLeft UIInterfaceOrientationLandscapeRight";
				INFOPLIST_KEY_UISupportedInterfaceOrientations_iPhone = "UIInterfaceOrientationPortrait UIInterfaceOrientationLandscapeLeft UIInterfaceOrientationLandscapeRight";
				LD_RUNPATH_SEARCH_PATHS = (
					"$(inherited)",
					"@executable_path/Frameworks",
				);
				LIBRARY_SEARCH_PATHS = "$(inherited)";
				MARKETING_VERSION = 0.1.1;
				PRODUCT_BUNDLE_IDENTIFIER = everystadium.Tribunetour;
				PRODUCT_NAME = "$(TARGET_NAME)";
				PROVISIONING_PROFILE_SPECIFIER = "";
				STRING_CATALOG_GENERATE_SYMBOLS = YES;
				SWIFT_APPROACHABLE_CONCURRENCY = YES;
				SWIFT_DEFAULT_ACTOR_ISOLATION = MainActor;
				SWIFT_EMIT_LOC_STRINGS = YES;
				SWIFT_UPCOMING_FEATURE_MEMBER_IMPORT_VISIBILITY = YES;
				SWIFT_VERSION = 5.0;
				TARGETED_DEVICE_FAMILY = "1,2";
			};
			name = Debug;
		};
		1EF572062F328CD7000D6B18 /* Release */ = {
			isa = XCBuildConfiguration;
			buildSettings = {
				ASSETCATALOG_COMPILER_APPICON_NAME = AppIcon;
				ASSETCATALOG_COMPILER_GLOBAL_ACCENT_COLOR_NAME = AccentColor;
				CODE_SIGN_ENTITLEMENTS = Tribunetour/Tribunetour.entitlements;
				CODE_SIGN_IDENTITY = "Apple Development";
				CODE_SIGN_STYLE = Automatic;
				CURRENT_PROJECT_VERSION = 9;
				DEVELOPMENT_TEAM = 9HZZ899Q57;
				ENABLE_PREVIEWS = YES;
				GENERATE_INFOPLIST_FILE = YES;
				INFOPLIST_KEY_CFBundleURLTypes_0_CFBundleTypeRole = Editor;
				INFOPLIST_KEY_CFBundleURLTypes_0_CFBundleURLName = everystadium.Tribunetour.auth;
				INFOPLIST_KEY_CFBundleURLTypes_0_CFBundleURLSchemes_0 = tribunetour;
				INFOPLIST_KEY_NSLocationWhenInUseUsageDescription = "Bruges til at vise stadion tættest på din position";
				INFOPLIST_KEY_UIApplicationSceneManifest_Generation = YES;
				INFOPLIST_KEY_UIApplicationSupportsIndirectInputEvents = YES;
				INFOPLIST_KEY_UILaunchScreen_Generation = YES;
				INFOPLIST_KEY_UISupportedInterfaceOrientations_iPad = "UIInterfaceOrientationPortrait UIInterfaceOrientationPortraitUpsideDown UIInterfaceOrientationLandscapeLeft UIInterfaceOrientationLandscapeRight";
				INFOPLIST_KEY_UISupportedInterfaceOrientations_iPhone = "UIInterfaceOrientationPortrait UIInterfaceOrientationLandscapeLeft UIInterfaceOrientationLandscapeRight";
				LD_RUNPATH_SEARCH_PATHS = (
					"$(inherited)",
					"@executable_path/Frameworks",
				);
				LIBRARY_SEARCH_PATHS = "$(inherited)";
				MARKETING_VERSION = 0.1.1;
				PRODUCT_BUNDLE_IDENTIFIER = everystadium.Tribunetour;
				PRODUCT_NAME = "$(TARGET_NAME)";
				PROVISIONING_PROFILE_SPECIFIER = "";
				STRING_CATALOG_GENERATE_SYMBOLS = YES;
				SWIFT_APPROACHABLE_CONCURRENCY = YES;
				SWIFT_DEFAULT_ACTOR_ISOLATION = MainActor;
				SWIFT_EMIT_LOC_STRINGS = YES;
				SWIFT_UPCOMING_FEATURE_MEMBER_IMPORT_VISIBILITY = YES;
				SWIFT_VERSION = 5.0;
				TARGETED_DEVICE_FAMILY = "1,2";
			};
			name = Release;
		};
/* End XCBuildConfiguration section */

/* Begin XCConfigurationList section */
		1EEDF0AE2F555EEB000DB2A4 /* Build configuration list for PBXNativeTarget "TribunetourTests" */ = {
			isa = XCConfigurationList;
			buildConfigurations = (
				1EEDF0AF2F555EEB000DB2A4 /* Debug */,
				1EEDF0B02F555EEB000DB2A4 /* Release */,
			);
			defaultConfigurationIsVisible = 0;
			defaultConfigurationName = Release;
		};
		A100000A2F555EEB000DB2A4 /* Build configuration list for PBXNativeTarget "TribunetourUITests" */ = {
			isa = XCConfigurationList;
			buildConfigurations = (
				A100000B2F555EEB000DB2A4 /* Debug */,
				A100000C2F555EEB000DB2A4 /* Release */,
			);
			defaultConfigurationIsVisible = 0;
			defaultConfigurationName = Release;
		};
		1EF571F42F328CD6000D6B18 /* Build configuration list for PBXProject "Tribunetour" */ = {
			isa = XCConfigurationList;
			buildConfigurations = (
				1EF572022F328CD7000D6B18 /* Debug */,
				1EF572032F328CD7000D6B18 /* Release */,
			);
			defaultConfigurationIsVisible = 0;
			defaultConfigurationName = Release;
		};
		1EF572042F328CD7000D6B18 /* Build configuration list for PBXNativeTarget "Tribunetour" */ = {
			isa = XCConfigurationList;
			buildConfigurations = (
				1EF572052F328CD7000D6B18 /* Debug */,
				1EF572062F328CD7000D6B18 /* Release */,
			);
			defaultConfigurationIsVisible = 0;
			defaultConfigurationName = Release;
		};
/* End XCConfigurationList section */
	};
	rootObject = 1EF571F12F328CD6000D6B18 /* Project object */;
}
